{
  "name": "aegis-input",
  "lockfileVersion": 3,
  "requires": true,
  "packages": {
    "": {
      "dependencies": {
        "@openai/codex": "^0.107.0",
        "remove": "^0.1.5"
      }
    },
    "node_modules/@openai/codex": {
      "version": "0.107.0",
      "resolved": "https://registry.npmjs.org/@openai/codex/-/codex-0.107.0.tgz",
      "integrity": "sha512-bAHmp4I3YNEqeR5U+LA5yViecDTlLVAJ+EGo8h647f0DClEWxFtyKXzyBJQ/kcL1G3bzstOTcuVpTdjhvJoe6g==",
      "license": "Apache-2.0",
      "bin": {
        "codex": "bin/codex.js"
      },
      "engines": {
        "node": ">=16"
      },
      "optionalDependencies": {
        "@openai/codex-darwin-arm64": "npm:@openai/codex@0.107.0-darwin-arm64",
        "@openai/codex-darwin-x64": "npm:@openai/codex@0.107.0-darwin-x64",
        "@openai/codex-linux-arm64": "npm:@openai/codex@0.107.0-linux-arm64",
        "@openai/codex-linux-x64": "npm:@openai/codex@0.107.0-linux-x64",
        "@openai/codex-win32-arm64": "npm:@openai/codex@0.107.0-win32-arm64",
        "@openai/codex-win32-x64": "npm:@openai/codex@0.107.0-win32-x64"
      }
    },
    "node_modules/@openai/codex-darwin-arm64": {
      "name": "@openai/codex",
      "version": "0.107.0-darwin-arm64",
      "resolved": "https://registry.npmjs.org/@openai/codex/-/codex-0.107.0-darwin-arm64.tgz",
      "integrity": "sha512-g8u0nsns9JaHNYehVuw1eSL/83BSuBsmdOo2rrEU0D1rKI/QoIQSv6S6offZnQFerCHeqj0LabxYzqUTBzEh0g==",
      "cpu": [
        "arm64"
      ],
      "license": "Apache-2.0",
      "optional": true,
      "os": [
        "darwin"
      ],
      "engines": {
        "node": ">=16"
      }
    },
    "node_modules/@openai/codex-darwin-x64": {
      "name": "@openai/codex",
      "version": "0.107.0-darwin-x64",
      "resolved": "https://registry.npmjs.org/@openai/codex/-/codex-0.107.0-darwin-x64.tgz",
      "integrity": "sha512-uDCfszYS/9RL6fMBqnLyFloBCa/Lgvqjt/P2izrByRANlHZG4Nwn1Sayn7v2TugvOJ5fBPZMRcaloqfjowmdEQ==",
      "cpu": [
        "x64"
      ],
      "license": "Apache-2.0",
      "optional": true,
      "os": [
        "darwin"
      ],
      "engines": {
        "node": ">=16"
      }
    },
    "node_modules/@openai/codex-linux-arm64": {
      "name": "@openai/codex",
      "version": "0.107.0-linux-arm64",
      "resolved": "https://registry.npmjs.org/@openai/codex/-/codex-0.107.0-linux-arm64.tgz",
      "integrity": "sha512-iAPYuXfACBSjVf4DPkN8YFawFGXPORzm7hDJhkzqqQvXRSyeZDaVkdT81FhaNIjm1rcaMnMDGJn2M+tOwmGy0w==",
      "cpu": [
        "arm64"
      ],
      "license": "Apache-2.0",
      "optional": true,
      "os": [
        "linux"
      ],
      "engines": {
        "node": ">=16"
      }
    },
    "node_modules/@openai/codex-linux-x64": {
      "name": "@openai/codex",
      "version": "0.107.0-linux-x64",
      "resolved": "https://registry.npmjs.org/@openai/codex/-/codex-0.107.0-linux-x64.tgz",
      "integrity": "sha512-h9SG15CrNihjHwSiYBU3dxMWH2r9fQIBPxFIpWnSUnjE5/YaXusbJQEvC+5u+g6CzUXX40fFsm3gVWV9uzX7Og==",
      "cpu": [
        "x64"
      ],
      "license": "Apache-2.0",
      "optional": true,
      "os": [
        "linux"
      ],
      "engines": {
        "node": ">=16"
      }
    },
    "node_modules/@openai/codex-win32-arm64": {
      "name": "@openai/codex",
      "version": "0.107.0-win32-arm64",
      "resolved": "https://registry.npmjs.org/@openai/codex/-/codex-0.107.0-win32-arm64.tgz",
      "integrity": "sha512-LHGQA2h/L72NRFcdIjKN/+V2nFXfuHDSQcI1Qdt9/7fUdcpb/pqN1n7U5rujccuTCf0ihk4XhGywAwiwPsjmWA==",
      "cpu": [
        "arm64"
      ],
      "license": "Apache-2.0",
      "optional": true,
      "os": [
        "win32"
      ],
      "engines": {
        "node": ">=16"
      }
    },
    "node_modules/@openai/codex-win32-x64": {
      "name": "@openai/codex",
      "version": "0.107.0-win32-x64",
      "resolved": "https://registry.npmjs.org/@openai/codex/-/codex-0.107.0-win32-x64.tgz",
      "integrity": "sha512-Iq1UOxj2El/syo8abN0/7Z6ICIVTW7tY9DJbdx01wjQYbi6Ecb8e66iTNFq65Mingq7vG7QWvYGyLycVztHFuw==",
      "cpu": [
        "x64"
      ],
      "license": "Apache-2.0",
      "optional": true,
      "os": [
        "win32"
      ],
      "engines": {
        "node": ">=16"
      }
    },
    "node_modules/chainsaw": {
      "version": "0.0.9",
      "resolved": "https://registry.npmjs.org/chainsaw/-/chainsaw-0.0.9.tgz",
      "integrity": "sha512-nG8PYH+/4xB+8zkV4G844EtfvZ5tTiLFoX3dZ4nhF4t3OCKIb9UvaFyNmeZO2zOSmRWzBoTD+napN6hiL+EgcA==",
      "license": "MIT/X11",
      "dependencies": {
        "traverse": ">=0.3.0 <0.4"
      },
      "engines": {
        "node": "*"
      }
    },
    "node_modules/hashish": {
      "version": "0.0.4",
      "resolved": "https://registry.npmjs.org/hashish/-/hashish-0.0.4.tgz",
      "integrity": "sha512-xyD4XgslstNAs72ENaoFvgMwtv8xhiDtC2AtzCG+8yF7W/Knxxm9BX+e2s25mm+HxMKh0rBmXVOEGF3zNImXvA==",
      "license": "MIT/X11",
      "dependencies": {
        "traverse": ">=0.2.4"
      },
      "engines": {
        "node": "*"
      }
    },
    "node_modules/remove": {
      "version": "0.1.5",
      "resolved": "https://registry.npmjs.org/remove/-/remove-0.1.5.tgz",
      "integrity": "sha512-AJMA9oWvJzdTjwIGwSQZsjGQiRx73YTmiOWmfCp1fpLa/D4n7jKcpoA+CZiVLJqKcEKUuh1Suq80c5wF+L/qVQ==",
      "license": "MIT",
      "dependencies": {
        "seq": ">= 0.3.5"
      }
    },
    "node_modules/seq": {
      "version": "0.3.5",
      "resolved": "https://registry.npmjs.org/seq/-/seq-0.3.5.tgz",
      "integrity": "sha512-sisY2Ln1fj43KBkRtXkesnRHYNdswIkIibvNe/0UKm2GZxjMbqmccpiatoKr/k2qX5VKiLU8xm+tz/74LAho4g==",
      "license": "MIT/X11",
      "dependencies": {
        "chainsaw": ">=0.0.7 <0.1",
        "hashish": ">=0.0.2 <0.1"
      },
      "engines": {
        "node": "*"
      }
    },
    "node_modules/traverse": {
      "version": "0.3.9",
      "resolved": "https://registry.npmjs.org/traverse/-/traverse-0.3.9.tgz",
      "integrity": "sha512-iawgk0hLP3SxGKDfnDJf8wTz4p2qImnyihM5Hh/sGvQ3K37dPi/w8sRhdNIxYA1TwFwc5mDhIJq+O0RsvXBKdQ==",
      "license": "MIT/X11",
      "engines": {
        "node": "*"
      }
    }
  }
}
